
Microsoft Visual Studio Solution File, Format Version 12.00
# Visual Studio Version 16
VisualStudioVersion = 16.0.29102.190
MinimumVisualStudioVersion = 10.0.40219.1
Project("{FAE04EC0-301F-11D3-BF4B-00C04F79EFBC}") = "PakujPliki", "PakujPliki\PakujPliki.csproj", "{C916CF41-054D-4D19-BC4E-EB3091A6268F}"
EndProject
Global
	GlobalSection(SolutionConfigurationPlatforms) = preSolution
		Debug|Any CPU = Debug|Any CPU
		Release|Any CPU = Release|Any CPU
	EndGlobalSection
	GlobalSection(ProjectConfigurationPlatforms) = postSolution
		{C916CF41-054D-4D19-BC4E-EB3091A6268F}.Debug|Any CPU.ActiveCfg = Debug|Any CPU
		{C916CF41-054D-4D19-BC4E-EB3091A6268F}.Debug|Any CPU.Build.0 = Debug|Any CPU
		{C916CF41-054D-4D19-BC4E-EB3091A6268F}.Release|Any CPU.ActiveCfg = Release|Any CPU
		{C916CF41-054D-4D19-BC4E-EB3091A6268F}.Release|Any CPU.Build.0 = Release|Any CPU
	EndGlobalSection
	GlobalSection(SolutionProperties) = preSolution
		HideSolutionNode = FALSE
	EndGlobalSection
	GlobalSection(ExtensibilityGlobals) = postSolution
		SolutionGuid = {5843B9A9-D254-4DA2-86AA-4A2423FD0CE4}
	EndGlobalSection
EndGlobal
